
Microsoft Visual Studio Solution File, Format Version 12.00
# Visual Studio Version 17
VisualStudioVersion = 17.4.33205.214
MinimumVisualStudioVersion = 10.0.40219.1
Project("{FAE04EC0-301F-11D3-BF4B-00C04F79EFBC}") = "Authentication", "Authentication\Authentication.csproj", "{18C24161-6A91-4EE9-B170-4430EF2829C3}"
EndProject
Project("{FAE04EC0-301F-11D3-BF4B-00C04F79EFBC}") = "Gateway", "Gateway\Gateway.csproj", "{0680F12F-6F3D-4835-9F95-CCE94975B2D6}"
EndProject
Global
	GlobalSection(SolutionConfigurationPlatforms) = preSolution
		Debug|Any CPU = Debug|Any CPU
		Release|Any CPU = Release|Any CPU
	EndGlobalSection
	GlobalSection(ProjectConfigurationPlatforms) = postSolution
		{18C24161-6A91-4EE9-B170-4430EF2829C3}.Debug|Any CPU.ActiveCfg = Debug|Any CPU
		{18C24161-6A91-4EE9-B170-4430EF2829C3}.Debug|Any CPU.Build.0 = Debug|Any CPU
		{18C24161-6A91-4EE9-B170-4430EF2829C3}.Release|Any CPU.ActiveCfg = Release|Any CPU
		{18C24161-6A91-4EE9-B170-4430EF2829C3}.Release|Any CPU.Build.0 = Release|Any CPU
		{0680F12F-6F3D-4835-9F95-CCE94975B2D6}.Debug|Any CPU.ActiveCfg = Debug|Any CPU
		{0680F12F-6F3D-4835-9F95-CCE94975B2D6}.Debug|Any CPU.Build.0 = Debug|Any CPU
		{0680F12F-6F3D-4835-9F95-CCE94975B2D6}.Release|Any CPU.ActiveCfg = Release|Any CPU
		{0680F12F-6F3D-4835-9F95-CCE94975B2D6}.Release|Any CPU.Build.0 = Release|Any CPU
	EndGlobalSection
	GlobalSection(SolutionProperties) = preSolution
		HideSolutionNode = FALSE
	EndGlobalSection
	GlobalSection(ExtensibilityGlobals) = postSolution
		SolutionGuid = {5FA1F277-BC4A-46C1-AEF9-FAC1EAC5F2F6}
	EndGlobalSection
EndGlobal
